
Microsoft Visual Studio Solution File, Format Version 12.00
# Visual Studio 15
VisualStudioVersion = 15.0.27004.2005
MinimumVisualStudioVersion = 10.0.40219.1
Project("{FAE04EC0-301F-11D3-BF4B-00C04F79EFBC}") = "FindCapitalByState", "FindCapitalByState\FindCapitalByState.csproj", "{9785B047-BFA6-4586-8815-2B7910ADADA3}"
EndProject
Project("{FAE04EC0-301F-11D3-BF4B-00C04F79EFBC}") = "FindCapitalByState.Tests", "FindCapitalByState.Tests\FindCapitalByState.Tests.csproj", "{F76FCF2E-5B5F-48F4-A403-D0A3026C51C7}"
EndProject
Global
	GlobalSection(SolutionConfigurationPlatforms) = preSolution
		Debug|Any CPU = Debug|Any CPU
		Release|Any CPU = Release|Any CPU
	EndGlobalSection
	GlobalSection(ProjectConfigurationPlatforms) = postSolution
		{9785B047-BFA6-4586-8815-2B7910ADADA3}.Debug|Any CPU.ActiveCfg = Debug|Any CPU
		{9785B047-BFA6-4586-8815-2B7910ADADA3}.Debug|Any CPU.Build.0 = Debug|Any CPU
		{9785B047-BFA6-4586-8815-2B7910ADADA3}.Release|Any CPU.ActiveCfg = Release|Any CPU
		{9785B047-BFA6-4586-8815-2B7910ADADA3}.Release|Any CPU.Build.0 = Release|Any CPU
		{F76FCF2E-5B5F-48F4-A403-D0A3026C51C7}.Debug|Any CPU.ActiveCfg = Debug|Any CPU
		{F76FCF2E-5B5F-48F4-A403-D0A3026C51C7}.Debug|Any CPU.Build.0 = Debug|Any CPU
		{F76FCF2E-5B5F-48F4-A403-D0A3026C51C7}.Release|Any CPU.ActiveCfg = Release|Any CPU
		{F76FCF2E-5B5F-48F4-A403-D0A3026C51C7}.Release|Any CPU.Build.0 = Release|Any CPU
	EndGlobalSection
	GlobalSection(SolutionProperties) = preSolution
		HideSolutionNode = FALSE
	EndGlobalSection
	GlobalSection(ExtensibilityGlobals) = postSolution
		SolutionGuid = {5BCFAB69-2EBB-4019-B214-84520378EC4A}
	EndGlobalSection
EndGlobal
